// !$*UTF8*$!
{
	archiveVersion = 1;
	classes = {
	};
	objectVersion = 46;
	objects = {

/* Begin PBXBuildFile section */
		C182BC811D53E8840035F4EC /* main.mm in Sources */ = {isa = PBXBuildFile; fileRef = C182BC801D53E8840035F4EC /* main.mm */; };
		C182BC841D53E8840035F4EC /* AppDelegate.mm in Sources */ = {isa = PBXBuildFile; fileRef = C182BC831D53E8840035F4EC /* AppDelegate.mm */; };
		C182BC8E1D53E8840035F4EC /* Main.storyboard in Resources */ = {isa = PBXBuildFile; fileRef = C182BC8C1D53E8840035F4EC /* Main.storyboard */; };
		C182BC901D53E8840035F4EC /* Assets.xcassets in Resources */ = {isa = PBXBuildFile; fileRef = C182BC8F1D53E8840035F4EC /* Assets.xcassets */; };
		C182BC931D53E8840035F4EC /* LaunchScreen.storyboard in Resources */ = {isa = PBXBuildFile; fileRef = C182BC911D53E8840035F4EC /* LaunchScreen.storyboard */; };
		C182BC9E1D53EAAC0035F4EC /* ViewController.mm in Sources */ = {isa = PBXBuildFile; fileRef = C182BC9D1D53EAAC0035F4EC /* ViewController.mm */; };
		C182BCA01D53FE810035F4EC /* OpenGLES.framework in Frameworks */ = {isa = PBXBuildFile; fileRef = C182BC9F1D53FE810035F4EC /* OpenGLES.framework */; };
		C182BCA41D53FE960035F4EC /* UIKit.framework in Frameworks */ = {isa = PBXBuildFile; fileRef = C182BCA31D53FE960035F4EC /* UIKit.framework */; };
		C182BCA61D53FEAB0035F4EC /* GLKit.framework in Frameworks */ = {isa = PBXBuildFile; fileRef = C182BCA51D53FEAB0035F4EC /* GLKit.framework */; };
		C182BCA91D53FF8B0035F4EC /* Application.cpp in Sources */ = {isa = PBXBuildFile; fileRef = C182BCA71D53FF8B0035F4EC /* Application.cpp */; };
		C182BCAE1D5408A40035F4EC /* StringUtils.mm in Sources */ = {isa = PBXBuildFile; fileRef = C182BCAD1D5408A40035F4EC /* StringUtils.mm */; };
		C182BCB21D540B5B0035F4EC /* Shader.cpp in Sources */ = {isa = PBXBuildFile; fileRef = C182BCB01D540B5B0035F4EC /* Shader.cpp */; };
		C182BCB71D54119A0035F4EC /* basic.vert in Resources */ = {isa = PBXBuildFile; fileRef = C182BCB61D54119A0035F4EC /* basic.vert */; };
		C182BCB91D5411BE0035F4EC /* basic.frag in Resources */ = {isa = PBXBuildFile; fileRef = C182BCB81D5411BE0035F4EC /* basic.frag */; };
		C182BCBC1D541F330035F4EC /* Mesh.cpp in Sources */ = {isa = PBXBuildFile; fileRef = C182BCBA1D541F330035F4EC /* Mesh.cpp */; };
		C182BCC01D5574490035F4EC /* ObjLoader.cpp in Sources */ = {isa = PBXBuildFile; fileRef = C182BCBE1D5574490035F4EC /* ObjLoader.cpp */; };
		C182BCC31D5575690035F4EC /* teapot.obj in Resources */ = {isa = PBXBuildFile; fileRef = C182BCC21D5575690035F4EC /* teapot.obj */; };
		C182BCC51D5576010035F4EC /* plane.obj in Resources */ = {isa = PBXBuildFile; fileRef = C182BCC41D5576010035F4EC /* plane.obj */; };
		C182BCC81D5667E80035F4EC /* fracture.vert in Resources */ = {isa = PBXBuildFile; fileRef = C182BCC71D5667E80035F4EC /* fracture.vert */; };
		C182BCCA1D57AA140035F4EC /* CoreMotion.framework in Frameworks */ = {isa = PBXBuildFile; fileRef = C182BCC91D57AA140035F4EC /* CoreMotion.framework */; };
		C182BCCC1D57F60A0035F4EC /* physics.vert in Resources */ = {isa = PBXBuildFile; fileRef = C182BCCB1D57F60A0035F4EC /* physics.vert */; };
		C182BCCE1D580CCC0035F4EC /* CoreGraphics.framework in Frameworks */ = {isa = PBXBuildFile; fileRef = C182BCCD1D580CCC0035F4EC /* CoreGraphics.framework */; };
/* End PBXBuildFile section */

/* Begin PBXFileReference section */
		C182BC7C1D53E8840035F4EC /* TeaPot.app */ = {isa = PBXFileReference; explicitFileType = wrapper.application; includeInIndex = 0; path = TeaPot.app; sourceTree = BUILT_PRODUCTS_DIR; };
		C182BC801D53E8840035F4EC /* main.mm */ = {isa = PBXFileReference; lastKnownFileType = sourcecode.cpp.objcpp; path = main.mm; sourceTree = "<group>"; };
		C182BC821D53E8840035F4EC /* AppDelegate.h */ = {isa = PBXFileReference; lastKnownFileType = sourcecode.c.h; path = AppDelegate.h; sourceTree = "<group>"; };
		C182BC831D53E8840035F4EC /* AppDelegate.mm */ = {isa = PBXFileReference; lastKnownFileType = sourcecode.cpp.objcpp; path = AppDelegate.mm; sourceTree = "<group>"; };
		C182BC8D1D53E8840035F4EC /* Base */ = {isa = PBXFileReference; lastKnownFileType = file.storyboard; name = Base; path = Base.lproj/Main.storyboard; sourceTree = "<group>"; };
		C182BC8F1D53E8840035F4EC /* Assets.xcassets */ = {isa = PBXFileReference; lastKnownFileType = folder.assetcatalog; path = Assets.xcassets; sourceTree = "<group>"; };
		C182BC921D53E8840035F4EC /* Base */ = {isa = PBXFileReference; lastKnownFileType = file.storyboard; name = Base; path = Base.lproj/LaunchScreen.storyboard; sourceTree = "<group>"; };
		C182BC941D53E8840035F4EC /* Info.plist */ = {isa = PBXFileReference; lastKnownFileType = text.plist.xml; path = Info.plist; sourceTree = "<group>"; };
		C182BC9C1D53EAAC0035F4EC /* ViewController.h */ = {isa = PBXFileReference; fileEncoding = 4; lastKnownFileType = sourcecode.c.h; path = ViewController.h; sourceTree = "<group>"; };
		C182BC9D1D53EAAC0035F4EC /* ViewController.mm */ = {isa = PBXFileReference; fileEncoding = 4; lastKnownFileType = sourcecode.cpp.objcpp; path = ViewController.mm; sourceTree = "<group>"; };
		C182BC9F1D53FE810035F4EC /* OpenGLES.framework */ = {isa = PBXFileReference; lastKnownFileType = wrapper.framework; name = OpenGLES.framework; path = System/Library/Frameworks/OpenGLES.framework; sourceTree = SDKROOT; };
		C182BCA11D53FE870035F4EC /* QuartzCore.framework */ = {isa = PBXFileReference; lastKnownFileType = wrapper.framework; name = QuartzCore.framework; path = System/Library/Frameworks/QuartzCore.framework; sourceTree = SDKROOT; };
		C182BCA31D53FE960035F4EC /* UIKit.framework */ = {isa = PBXFileReference; lastKnownFileType = wrapper.framework; name = UIKit.framework; path = System/Library/Frameworks/UIKit.framework; sourceTree = SDKROOT; };
		C182BCA51D53FEAB0035F4EC /* GLKit.framework */ = {isa = PBXFileReference; lastKnownFileType = wrapper.framework; name = GLKit.framework; path = System/Library/Frameworks/GLKit.framework; sourceTree = SDKROOT; };
		C182BCA71D53FF8B0035F4EC /* Application.cpp */ = {isa = PBXFileReference; fileEncoding = 4; lastKnownFileType = sourcecode.cpp.cpp; path = Application.cpp; sourceTree = "<group>"; };
		C182BCA81D53FF8B0035F4EC /* Application.h */ = {isa = PBXFileReference; fileEncoding = 4; lastKnownFileType = sourcecode.c.h; path = Application.h; sourceTree = "<group>"; };
		C182BCAB1D5406C90035F4EC /* VectorUtils.h */ = {isa = PBXFileReference; lastKnownFileType = sourcecode.c.h; path = VectorUtils.h; sourceTree = "<group>"; };
		C182BCAC1D5408340035F4EC /* StringUtils.h */ = {isa = PBXFileReference; lastKnownFileType = sourcecode.c.h; path = StringUtils.h; sourceTree = "<group>"; };
		C182BCAD1D5408A40035F4EC /* StringUtils.mm */ = {isa = PBXFileReference; fileEncoding = 4; lastKnownFileType = sourcecode.cpp.objcpp; path = StringUtils.mm; sourceTree = "<group>"; };
		C182BCB01D540B5B0035F4EC /* Shader.cpp */ = {isa = PBXFileReference; fileEncoding = 4; lastKnownFileType = sourcecode.cpp.cpp; path = Shader.cpp; sourceTree = "<group>"; };
		C182BCB11D540B5B0035F4EC /* Shader.h */ = {isa = PBXFileReference; fileEncoding = 4; lastKnownFileType = sourcecode.c.h; path = Shader.h; sourceTree = "<group>"; };
		C182BCB61D54119A0035F4EC /* basic.vert */ = {isa = PBXFileReference; fileEncoding = 4; lastKnownFileType = sourcecode.glsl; name = basic.vert; path = Shaders/basic.vert; sourceTree = "<group>"; };
		C182BCB81D5411BE0035F4EC /* basic.frag */ = {isa = PBXFileReference; fileEncoding = 4; lastKnownFileType = sourcecode.glsl; name = basic.frag; path = Shaders/basic.frag; sourceTree = "<group>"; };
		C182BCBA1D541F330035F4EC /* Mesh.cpp */ = {isa = PBXFileReference; fileEncoding = 4; lastKnownFileType = sourcecode.cpp.cpp; path = Mesh.cpp; sourceTree = "<group>"; };
		C182BCBB1D541F330035F4EC /* Mesh.h */ = {isa = PBXFileReference; fileEncoding = 4; lastKnownFileType = sourcecode.c.h; path = Mesh.h; sourceTree = "<group>"; };
		C182BCBD1D542D230035F4EC /* GLIncludes.h */ = {isa = PBXFileReference; lastKnownFileType = sourcecode.c.h; path = GLIncludes.h; sourceTree = "<group>"; };
		C182BCBE1D5574490035F4EC /* ObjLoader.cpp */ = {isa = PBXFileReference; fileEncoding = 4; lastKnownFileType = sourcecode.cpp.cpp; path = ObjLoader.cpp; sourceTree = "<group>"; };
		C182BCBF1D5574490035F4EC /* ObjLoader.h */ = {isa = PBXFileReference; fileEncoding = 4; lastKnownFileType = sourcecode.c.h; path = ObjLoader.h; sourceTree = "<group>"; };
		C182BCC21D5575690035F4EC /* teapot.obj */ = {isa = PBXFileReference; fileEncoding = 4; lastKnownFileType = text; name = teapot.obj; path = Meshes/teapot.obj; sourceTree = "<group>"; };
		C182BCC41D5576010035F4EC /* plane.obj */ = {isa = PBXFileReference; fileEncoding = 4; lastKnownFileType = text; name = plane.obj; path = Meshes/plane.obj; sourceTree = "<group>"; };
		C182BCC61D565F820035F4EC /* MeshUtils.h */ = {isa = PBXFileReference; lastKnownFileType = sourcecode.c.h; path = MeshUtils.h; sourceTree = "<group>"; };
		C182BCC71D5667E80035F4EC /* fracture.vert */ = {isa = PBXFileReference; fileEncoding = 4; lastKnownFileType = sourcecode.glsl; name = fracture.vert; path = Shaders/fracture.vert; sourceTree = "<group>"; };
		C182BCC91D57AA140035F4EC /* CoreMotion.framework */ = {isa = PBXFileReference; lastKnownFileType = wrapper.framework; name = CoreMotion.framework; path = System/Library/Frameworks/CoreMotion.framework; sourceTree = SDKROOT; };
		C182BCCB1D57F60A0035F4EC /* physics.vert */ = {isa = PBXFileReference; fileEncoding = 4; lastKnownFileType = sourcecode.glsl; name = physics.vert; path = Shaders/physics.vert; sourceTree = "<group>"; };
		C182BCCD1D580CCC0035F4EC /* CoreGraphics.framework */ = {isa = PBXFileReference; lastKnownFileType = wrapper.framework; name = CoreGraphics.framework; path = System/Library/Frameworks/CoreGraphics.framework; sourceTree = SDKROOT; };
/* End PBXFileReference section */

/* Begin PBXFrameworksBuildPhase section */
		C182BC791D53E8830035F4EC /* Frameworks */ = {
			isa = PBXFrameworksBuildPhase;
			buildActionMask = 2147483647;
			files = (
				C182BCCE1D580CCC0035F4EC /* CoreGraphics.framework in Frameworks */,
				C182BCCA1D57AA140035F4EC /* CoreMotion.framework in Frameworks */,
				C182BCA61D53FEAB0035F4EC /* GLKit.framework in Frameworks */,
				C182BCA41D53FE960035F4EC /* UIKit.framework in Frameworks */,
				C182BCA01D53FE810035F4EC /* OpenGLES.framework in Frameworks */,
			);
			runOnlyForDeploymentPostprocessing = 0;
		};
/* End PBXFrameworksBuildPhase section */

/* Begin PBXGroup section */
		C182BC731D53E8830035F4EC = {
			isa = PBXGroup;
			children = (
				C182BCCD1D580CCC0035F4EC /* CoreGraphics.framework */,
				C182BCC91D57AA140035F4EC /* CoreMotion.framework */,
				C182BCA51D53FEAB0035F4EC /* GLKit.framework */,
				C182BCA31D53FE960035F4EC /* UIKit.framework */,
				C182BCA11D53FE870035F4EC /* QuartzCore.framework */,
				C182BC9F1D53FE810035F4EC /* OpenGLES.framework */,
				C182BC7E1D53E8840035F4EC /* TeaPot */,
				C182BC7D1D53E8840035F4EC /* Products */,
			);
			sourceTree = "<group>";
		};
		C182BC7D1D53E8840035F4EC /* Products */ = {
			isa = PBXGroup;
			children = (
				C182BC7C1D53E8840035F4EC /* TeaPot.app */,
			);
			name = Products;
			sourceTree = "<group>";
		};
		C182BC7E1D53E8840035F4EC /* TeaPot */ = {
			isa = PBXGroup;
			children = (
				C182BCA81D53FF8B0035F4EC /* Application.h */,
				C182BCA71D53FF8B0035F4EC /* Application.cpp */,
				C182BCBD1D542D230035F4EC /* GLIncludes.h */,
				C182BCB11D540B5B0035F4EC /* Shader.h */,
				C182BCB01D540B5B0035F4EC /* Shader.cpp */,
				C182BCBB1D541F330035F4EC /* Mesh.h */,
				C182BCBA1D541F330035F4EC /* Mesh.cpp */,
				C182BCBF1D5574490035F4EC /* ObjLoader.h */,
				C182BCBE1D5574490035F4EC /* ObjLoader.cpp */,
				C182BCC11D5575240035F4EC /* Meshes */,
				C182BCB51D5411820035F4EC /* Shaders */,
				C182BCAF1D540A820035F4EC /* Utilities */,
				C182BCAA1D5406340035F4EC /* Objective-C */,
				C182BC7F1D53E8840035F4EC /* Supporting Files */,
			);
			path = TeaPot;
			sourceTree = "<group>";
		};
		C182BC7F1D53E8840035F4EC /* Supporting Files */ = {
			isa = PBXGroup;
			children = (
				C182BC8F1D53E8840035F4EC /* Assets.xcassets */,
				C182BC8C1D53E8840035F4EC /* Main.storyboard */,
				C182BC911D53E8840035F4EC /* LaunchScreen.storyboard */,
				C182BC941D53E8840035F4EC /* Info.plist */,
				C182BC801D53E8840035F4EC /* main.mm */,
			);
			name = "Supporting Files";
			sourceTree = "<group>";
		};
		C182BCAA1D5406340035F4EC /* Objective-C */ = {
			isa = PBXGroup;
			children = (
				C182BC821D53E8840035F4EC /* AppDelegate.h */,
				C182BC831D53E8840035F4EC /* AppDelegate.mm */,
				C182BC9C1D53EAAC0035F4EC /* ViewController.h */,
				C182BC9D1D53EAAC0035F4EC /* ViewController.mm */,
			);
			name = "Objective-C";
			sourceTree = "<group>";
		};
		C182BCAF1D540A820035F4EC /* Utilities */ = {
			isa = PBXGroup;
			children = (
				C182BCAB1D5406C90035F4EC /* VectorUtils.h */,
				C182BCAC1D5408340035F4EC /* StringUtils.h */,
				C182BCAD1D5408A40035F4EC /* StringUtils.mm */,
				C182BCC61D565F820035F4EC /* MeshUtils.h */,
			);
			name = Utilities;
			sourceTree = "<group>";
		};
		C182BCB51D5411820035F4EC /* Shaders */ = {
			isa = PBXGroup;
			children = (
				C182BCB61D54119A0035F4EC /* basic.vert */,
				C182BCB81D5411BE0035F4EC /* basic.frag */,
				C182BCC71D5667E80035F4EC /* fracture.vert */,
				C182BCCB1D57F60A0035F4EC /* physics.vert */,
			);
			name = Shaders;
			sourceTree = "<group>";
		};
		C182BCC11D5575240035F4EC /* Meshes */ = {
			isa = PBXGroup;
			children = (
				C182BCC41D5576010035F4EC /* plane.obj */,
				C182BCC21D5575690035F4EC /* teapot.obj */,
			);
			name = Meshes;
			sourceTree = "<group>";
		};
/* End PBXGroup section */

/* Begin PBXNativeTarget section */
		C182BC7B1D53E8830035F4EC /* TeaPot */ = {
			isa = PBXNativeTarget;
			buildConfigurationList = C182BC971D53E8840035F4EC /* Build configuration list for PBXNativeTarget "TeaPot" */;
			buildPhases = (
				C182BC781D53E8830035F4EC /* Sources */,
				C182BC791D53E8830035F4EC /* Frameworks */,
				C182BC7A1D53E8830035F4EC /* Resources */,
			);
			buildRules = (
			);
			dependencies = (
			);
			name = TeaPot;
			productName = TeaPot;
			productReference = C182BC7C1D53E8840035F4EC /* TeaPot.app */;
			productType = "com.apple.product-type.application";
		};
/* End PBXNativeTarget section */

/* Begin PBXProject section */
		C182BC741D53E8830035F4EC /* Project object */ = {
			isa = PBXProject;
			attributes = {
				LastUpgradeCheck = 0730;
				ORGANIZATIONNAME = "Robert Crosby";
				TargetAttributes = {
					C182BC7B1D53E8830035F4EC = {
						CreatedOnToolsVersion = 7.3.1;
						DevelopmentTeam = K62X7R9XCJ;
					};
				};
			};
			buildConfigurationList = C182BC771D53E8830035F4EC /* Build configuration list for PBXProject "TeaPot" */;
			compatibilityVersion = "Xcode 3.2";
			developmentRegion = English;
			hasScannedForEncodings = 0;
			knownRegions = (
				en,
				Base,
			);
			mainGroup = C182BC731D53E8830035F4EC;
			productRefGroup = C182BC7D1D53E8840035F4EC /* Products */;
			projectDirPath = "";
			projectRoot = "";
			targets = (
				C182BC7B1D53E8830035F4EC /* TeaPot */,
			);
		};
/* End PBXProject section */

/* Begin PBXResourcesBuildPhase section */
		C182BC7A1D53E8830035F4EC /* Resources */ = {
			isa = PBXResourcesBuildPhase;
			buildActionMask = 2147483647;
			files = (
				C182BCC81D5667E80035F4EC /* fracture.vert in Resources */,
				C182BCCC1D57F60A0035F4EC /* physics.vert in Resources */,
				C182BC8E1D53E8840035F4EC /* Main.storyboard in Resources */,
				C182BC901D53E8840035F4EC /* Assets.xcassets in Resources */,
				C182BCC51D5576010035F4EC /* plane.obj in Resources */,
				C182BCC31D5575690035F4EC /* teapot.obj in Resources */,
				C182BC931D53E8840035F4EC /* LaunchScreen.storyboard in Resources */,
				C182BCB91D5411BE0035F4EC /* basic.frag in Resources */,
				C182BCB71D54119A0035F4EC /* basic.vert in Resources */,
			);
			runOnlyForDeploymentPostprocessing = 0;
		};
/* End PBXResourcesBuildPhase section */

/* Begin PBXSourcesBuildPhase section */
		C182BC781D53E8830035F4EC /* Sources */ = {
			isa = PBXSourcesBuildPhase;
			buildActionMask = 2147483647;
			files = (
				C182BCC01D5574490035F4EC /* ObjLoader.cpp in Sources */,
				C182BCA91D53FF8B0035F4EC /* Application.cpp in Sources */,
				C182BCAE1D5408A40035F4EC /* StringUtils.mm in Sources */,
				C182BC841D53E8840035F4EC /* AppDelegate.mm in Sources */,
				C182BCBC1D541F330035F4EC /* Mesh.cpp in Sources */,
				C182BC9E1D53EAAC0035F4EC /* ViewController.mm in Sources */,
				C182BCB21D540B5B0035F4EC /* Shader.cpp in Sources */,
				C182BC811D53E8840035F4EC /* main.mm in Sources */,
			);
			runOnlyForDeploymentPostprocessing = 0;
		};
/* End PBXSourcesBuildPhase section */

/* Begin PBXVariantGroup section */
		C182BC8C1D53E8840035F4EC /* Main.storyboard */ = {
			isa = PBXVariantGroup;
			children = (
				C182BC8D1D53E8840035F4EC /* Base */,
			);
			name = Main.storyboard;
			sourceTree = "<group>";
		};
		C182BC911D53E8840035F4EC /* LaunchScreen.storyboard */ = {
			isa = PBXVariantGroup;
			children = (
				C182BC921D53E8840035F4EC /* Base */,
			);
			name = LaunchScreen.storyboard;
			sourceTree = "<group>";
		};
/* End PBXVariantGroup section */

/* Begin XCBuildConfiguration section */
		C182BC951D53E8840035F4EC /* Debug */ = {
			isa = XCBuildConfiguration;
			buildSettings = {
				ALWAYS_SEARCH_USER_PATHS = NO;
				CLANG_ANALYZER_NONNULL = YES;
				CLANG_CXX_LANGUAGE_STANDARD = "gnu++0x";
				CLANG_CXX_LIBRARY = "libc++";
				CLANG_ENABLE_MODULES = YES;
				CLANG_ENABLE_OBJC_ARC = YES;
				CLANG_WARN_BOOL_CONVERSION = YES;
				CLANG_WARN_CONSTANT_CONVERSION = YES;
				CLANG_WARN_DIRECT_OBJC_ISA_USAGE = YES_ERROR;
				CLANG_WARN_EMPTY_BODY = YES;
				CLANG_WARN_ENUM_CONVERSION = YES;
				CLANG_WARN_INT_CONVERSION = YES;
				CLANG_WARN_OBJC_ROOT_CLASS = YES_ERROR;
				CLANG_WARN_UNREACHABLE_CODE = YES;
				CLANG_WARN__DUPLICATE_METHOD_MATCH = YES;
				"CODE_SIGN_IDENTITY[sdk=iphoneos*]" = "iPhone Developer";
				COPY_PHASE_STRIP = NO;
				DEBUG_INFORMATION_FORMAT = "dwarf-with-dsym";
				ENABLE_STRICT_OBJC_MSGSEND = YES;
				ENABLE_TESTABILITY = YES;
				GCC_C_LANGUAGE_STANDARD = gnu99;
				GCC_DYNAMIC_NO_PIC = NO;
				GCC_NO_COMMON_BLOCKS = YES;
				GCC_OPTIMIZATION_LEVEL = 0;
				GCC_PREPROCESSOR_DEFINITIONS = (
					"DEBUG=1",
					"$(inherited)",
				);
				GCC_WARN_64_TO_32_BIT_CONVERSION = YES;
				GCC_WARN_ABOUT_RETURN_TYPE = YES_ERROR;
				GCC_WARN_UNDECLARED_SELECTOR = YES;
				GCC_WARN_UNINITIALIZED_AUTOS = YES_AGGRESSIVE;
				GCC_WARN_UNUSED_FUNCTION = YES;
				GCC_WARN_UNUSED_VARIABLE = YES;
				IPHONEOS_DEPLOYMENT_TARGET = 9.3;
				MTL_ENABLE_DEBUG_INFO = YES;
				ONLY_ACTIVE_ARCH = YES;
				SDKROOT = iphoneos;
				TARGETED_DEVICE_FAMILY = "1,2";
			};
			name = Debug;
		};
		C182BC961D53E8840035F4EC /* Release */ = {
			isa = XCBuildConfiguration;
			buildSettings = {
				ALWAYS_SEARCH_USER_PATHS = NO;
				CLANG_ANALYZER_NONNULL = YES;
				CLANG_CXX_LANGUAGE_STANDARD = "gnu++0x";
				CLANG_CXX_LIBRARY = "libc++";
				CLANG_ENABLE_MODULES = YES;
				CLANG_ENABLE_OBJC_ARC = YES;
				CLANG_WARN_BOOL_CONVERSION = YES;
				CLANG_WARN_CONSTANT_CONVERSION = YES;
				CLANG_WARN_DIRECT_OBJC_ISA_USAGE = YES_ERROR;
				CLANG_WARN_EMPTY_BODY = YES;
				CLANG_WARN_ENUM_CONVERSION = YES;
				CLANG_WARN_INT_CONVERSION = YES;
				CLANG_WARN_OBJC_ROOT_CLASS = YES_ERROR;
				CLANG_WARN_UNREACHABLE_CODE = YES;
				CLANG_WARN__DUPLICATE_METHOD_MATCH = YES;
				"CODE_SIGN_IDENTITY[sdk=iphoneos*]" = "iPhone Developer";
				COPY_PHASE_STRIP = NO;
				DEBUG_INFORMATION_FORMAT = "dwarf-with-dsym";
				ENABLE_NS_ASSERTIONS = NO;
				ENABLE_STRICT_OBJC_MSGSEND = YES;
				GCC_C_LANGUAGE_STANDARD = gnu99;
				GCC_NO_COMMON_BLOCKS = YES;
				GCC_WARN_64_TO_32_BIT_CONVERSION = YES;
				GCC_WARN_ABOUT_RETURN_TYPE = YES_ERROR;
				GCC_WARN_UNDECLARED_SELECTOR = YES;
				GCC_WARN_UNINITIALIZED_AUTOS = YES_AGGRESSIVE;
				GCC_WARN_UNUSED_FUNCTION = YES;
				GCC_WARN_UNUSED_VARIABLE = YES;
				IPHONEOS_DEPLOYMENT_TARGET = 9.3;
				MTL_ENABLE_DEBUG_INFO = NO;
				SDKROOT = iphoneos;
				TARGETED_DEVICE_FAMILY = "1,2";
				VALIDATE_PRODUCT = YES;
			};
			name = Release;
		};
		C182BC981D53E8840035F4EC /* Debug */ = {
			isa = XCBuildConfiguration;
			buildSettings = {
				ASSETCATALOG_COMPILER_APPICON_NAME = AppIcon;
				CODE_SIGN_IDENTITY = "iPhone Developer";
				INFOPLIST_FILE = TeaPot/Info.plist;
				LD_RUNPATH_SEARCH_PATHS = "$(inherited) @executable_path/Frameworks";
				PRODUCT_BUNDLE_IDENTIFIER = com.robmcrosby.TeaPot;
				PRODUCT_NAME = "$(TARGET_NAME)";
			};
			name = Debug;
		};
		C182BC991D53E8840035F4EC /* Release */ = {
			isa = XCBuildConfiguration;
			buildSettings = {
				ASSETCATALOG_COMPILER_APPICON_NAME = AppIcon;
				CODE_SIGN_IDENTITY = "iPhone Developer";
				INFOPLIST_FILE = TeaPot/Info.plist;
				LD_RUNPATH_SEARCH_PATHS = "$(inherited) @executable_path/Frameworks";
				PRODUCT_BUNDLE_IDENTIFIER = com.robmcrosby.TeaPot;
				PRODUCT_NAME = "$(TARGET_NAME)";
			};
			name = Release;
		};
/* End XCBuildConfiguration section */

/* Begin XCConfigurationList section */
		C182BC771D53E8830035F4EC /* Build configuration list for PBXProject "TeaPot" */ = {
			isa = XCConfigurationList;
			buildConfigurations = (
				C182BC951D53E8840035F4EC /* Debug */,
				C182BC961D53E8840035F4EC /* Release */,
			);
			defaultConfigurationIsVisible = 0;
			defaultConfigurationName = Release;
		};
		C182BC971D53E8840035F4EC /* Build configuration list for PBXNativeTarget "TeaPot" */ = {
			isa = XCConfigurationList;
			buildConfigurations = (
				C182BC981D53E8840035F4EC /* Debug */,
				C182BC991D53E8840035F4EC /* Release */,
			);
			defaultConfigurationIsVisible = 0;
		};
/* End XCConfigurationList section */
	};
	rootObject = C182BC741D53E8830035F4EC /* Project object */;
}
